
Microsoft Visual Studio Solution File, Format Version 12.00
# Visual Studio Version 16
VisualStudioVersion = 16.0.30011.22
MinimumVisualStudioVersion = 10.0.40219.1
Project("{2150E333-8FDC-42A3-9474-1A3956D46DE8}") = "Capa_Datos", "Capa_Datos", "{67C41A6A-FFEC-4ABB-AFCC-503AAE0D9C39}"
EndProject
Project("{2150E333-8FDC-42A3-9474-1A3956D46DE8}") = "Capa_Logica", "Capa_Logica", "{8316050B-68C1-4B90-B663-5C778AF3B92B}"
EndProject
Project("{2150E333-8FDC-42A3-9474-1A3956D46DE8}") = "Capa_UI", "Capa_UI", "{544A1309-498D-40C8-895F-BC1E58D7E732}"
EndProject
Project("{FAE04EC0-301F-11D3-BF4B-00C04F79EFBC}") = "Capa_Datos", "Capa_Datos\Capa_Datos.csproj", "{15C53D09-74B2-4881-8A5C-49FB7FB27D85}"
EndProject
Project("{FAE04EC0-301F-11D3-BF4B-00C04F79EFBC}") = "Capa_Logica", "Capa_Logica\Capa_Logica.csproj", "{30EB3C33-36C1-4A5C-BD33-67DF4FD528B2}"
EndProject
Project("{2150E333-8FDC-42A3-9474-1A3956D46DE8}") = "Login", "Login", "{50C9246C-24C6-4D17-BB17-8B760F898DD7}"
EndProject
Project("{2150E333-8FDC-42A3-9474-1A3956D46DE8}") = "CD", "CD", "{272C96CB-CA63-4946-87B3-AE0843A28840}"
EndProject
Project("{2150E333-8FDC-42A3-9474-1A3956D46DE8}") = "CL", "CL", "{8E41BB2D-808D-422C-A912-0C579A8AD5D6}"
EndProject
Project("{2150E333-8FDC-42A3-9474-1A3956D46DE8}") = "UI", "UI", "{DBC2CB78-1D92-45ED-8EA9-0E6E400A80D4}"
EndProject
Project("{FAE04EC0-301F-11D3-BF4B-00C04F79EFBC}") = "Capa__UI", "Capa__UI\Capa__UI.csproj", "{546DDD26-9018-41ED-8E6F-C0F44461B3C4}"
EndProject
Global
	GlobalSection(SolutionConfigurationPlatforms) = preSolution
		Debug|Any CPU = Debug|Any CPU
		Release|Any CPU = Release|Any CPU
	EndGlobalSection
	GlobalSection(ProjectConfigurationPlatforms) = postSolution
		{15C53D09-74B2-4881-8A5C-49FB7FB27D85}.Debug|Any CPU.ActiveCfg = Debug|Any CPU
		{15C53D09-74B2-4881-8A5C-49FB7FB27D85}.Debug|Any CPU.Build.0 = Debug|Any CPU
		{15C53D09-74B2-4881-8A5C-49FB7FB27D85}.Release|Any CPU.ActiveCfg = Release|Any CPU
		{15C53D09-74B2-4881-8A5C-49FB7FB27D85}.Release|Any CPU.Build.0 = Release|Any CPU
		{30EB3C33-36C1-4A5C-BD33-67DF4FD528B2}.Debug|Any CPU.ActiveCfg = Debug|Any CPU
		{30EB3C33-36C1-4A5C-BD33-67DF4FD528B2}.Debug|Any CPU.Build.0 = Debug|Any CPU
		{30EB3C33-36C1-4A5C-BD33-67DF4FD528B2}.Release|Any CPU.ActiveCfg = Release|Any CPU
		{30EB3C33-36C1-4A5C-BD33-67DF4FD528B2}.Release|Any CPU.Build.0 = Release|Any CPU
		{546DDD26-9018-41ED-8E6F-C0F44461B3C4}.Debug|Any CPU.ActiveCfg = Debug|Any CPU
		{546DDD26-9018-41ED-8E6F-C0F44461B3C4}.Debug|Any CPU.Build.0 = Debug|Any CPU
		{546DDD26-9018-41ED-8E6F-C0F44461B3C4}.Release|Any CPU.ActiveCfg = Release|Any CPU
		{546DDD26-9018-41ED-8E6F-C0F44461B3C4}.Release|Any CPU.Build.0 = Release|Any CPU
	EndGlobalSection
	GlobalSection(SolutionProperties) = preSolution
		HideSolutionNode = FALSE
	EndGlobalSection
	GlobalSection(NestedProjects) = preSolution
		{15C53D09-74B2-4881-8A5C-49FB7FB27D85} = {67C41A6A-FFEC-4ABB-AFCC-503AAE0D9C39}
		{30EB3C33-36C1-4A5C-BD33-67DF4FD528B2} = {8316050B-68C1-4B90-B663-5C778AF3B92B}
		{272C96CB-CA63-4946-87B3-AE0843A28840} = {50C9246C-24C6-4D17-BB17-8B760F898DD7}
		{8E41BB2D-808D-422C-A912-0C579A8AD5D6} = {50C9246C-24C6-4D17-BB17-8B760F898DD7}
		{DBC2CB78-1D92-45ED-8EA9-0E6E400A80D4} = {50C9246C-24C6-4D17-BB17-8B760F898DD7}
		{546DDD26-9018-41ED-8E6F-C0F44461B3C4} = {544A1309-498D-40C8-895F-BC1E58D7E732}
	EndGlobalSection
	GlobalSection(ExtensibilityGlobals) = postSolution
		SolutionGuid = {080E2112-B75F-464E-8180-748DC14C0F9D}
	EndGlobalSection
EndGlobal
